lockfileVersion: '9.0'

settings:
  autoInstallPeers: true
  excludeLinksFromLockfile: false

importers:

  .:
    devDependencies:
      '@types/node':
        specifier: ^26.3.0
        version: 26.3.0
      node:
        specifier: runtime:^26.7.0
        version: runtime:26.7.0
      oxfmt:
        specifier: ^0.66.0
        version: 0.66.0
      oxlint:
        specifier: ^1.80.0
        version: 1.80.0
      typescript:
        specifier: ^6.0.3
        version: 6.0.3
      zod:
        specifier: 4.4.3
        version: 4.4.3
      zod-alt:
        specifier: npm:zod@4.3.0
        version: zod@4.3.0

packages:

  '@oxfmt/binding-android-arm-eabi@0.66.0':
    resolution: {integrity: sha512-2Me9eoptv6ERdEuI2P8AOlYdHHraXebJaM6SC0kc2Dfb+mLrep2db+fedBPKaYn673h/vBgvP4tkOdAbaudX6w==}
    engines: {node: ^20.19.0 || >=22.12.0}
    cpu: [arm]
    os: [android]

  '@oxfmt/binding-android-arm64@0.66.0':
    resolution: {integrity: sha512-u7O+bSSF0HGsDKkQQxBqvLGVepu93RA+JKu+ONqvfh4sCnCEbj31wZj4iG5gk3XfRwrmYj0/8catkO2LcblQKQ==}
    engines: {node: ^20.19.0 || >=22.12.0}
    cpu: [arm64]
    os: [android]

  '@oxfmt/binding-darwin-arm64@0.66.0':
    resolution: {integrity: sha512-/ikyMIVjX/sdo7KtjxoEsSUosfPzveVhT9RWMx9yGqFDKFJ89JAEKuEeLBmurDjrkb4w8tOnAdSO3SBaplY3bw==}
    engines: {node: ^20.19.0 || >=22.12.0}
    cpu: [arm64]
    os: [darwin]

  '@oxfmt/binding-darwin-x64@0.66.0':
    resolution: {integrity: sha512-q5xUsKeFqawa9NXa6ZGXWimFV19m8MogKPdTaSVDAAk2EQKBmBZRDeluwcl1p8ty/OFc9s9888OKEh3xfPVH0g==}
    engines: {node: ^20.19.0 || >=22.12.0}
    cpu: [x64]
    os: [darwin]

  '@oxfmt/binding-freebsd-x64@0.66.0':
    resolution: {integrity: sha512-CR+x4VzMY0pRXLK/xFQ/RzsSFkP5t2Z2mef0QY6OP/rTRcMUoMLCOM62/3Fp/t0K+UDoBKxvMyeb6D0zPMjleA==}
    engines: {node: ^20.19.0 || >=22.12.0}
    cpu: [x64]
    os: [freebsd]

  '@oxfmt/binding-linux-arm-gnueabihf@0.66.0':
    resolution: {integrity: sha512-ZEYmO/LbH9tTQCADILHGZE4GeOXOAj2VzedHkASNwjmwlwtutJCLpCJbIs37wRGTFgWRoEcD72jpMX+IBJUGjQ==}
    engines: {node: ^20.19.0 || >=22.12.0}
    cpu: [arm]
    os: [linux]

  '@oxfmt/binding-linux-arm-musleabihf@0.66.0':
    resolution: {integrity: sha512-hNtR9/oU0CeTkq7JnRkmBQwqe17v2ZaAMLC4VcN7IIOWeRyWDk0knSPWS9iiLmtbZ2RRBBtsG01jQgkZmKCJeQ==}
    engines: {node: ^20.19.0 || >=22.12.0}
    cpu: [arm]
    os: [linux]

  '@oxfmt/binding-linux-arm64-gnu@0.66.0':
    resolution: {integrity: sha512-uwOVQ8i6I1LT/+eDzfsgrrcZp8Fn6NPVUPn8fF5gdFGekFf0PddF+LEuwsD0/pbNUcKZhDj2rQ5UpITh9gF4iQ==}
    engines: {node: ^20.19.0 || >=22.12.0}
    cpu: [arm64]
    os: [linux]
    libc: [glibc]

  '@oxfmt/binding-linux-arm64-musl@0.66.0':
    resolution: {integrity: sha512-tTkF2Dmx4nGAjmBlZb+UtTGqR/EK4ZrW9qBfzte07a9XWqzoGGKzpFFlyNDhQe+Uwql94+ReCTeNbhOXscw1Dg==}
    engines: {node: ^20.19.0 || >=22.12.0}
    cpu: [arm64]
    os: [linux]
    libc: [musl]

  '@oxfmt/binding-linux-ppc64-gnu@0.66.0':
    resolution: {integrity: sha512-F3cKHUav4yXOHn6GFnwpBhSYsJOYKKf9eqO/9jlEuqPxNw9zb98E9ZFct79gcg8pibUGkbveEu9WDlmXJpDzKw==}
    engines: {node: ^20.19.0 || >=22.12.0}
    cpu: [ppc64]
    os: [linux]
    libc: [glibc]

  '@oxfmt/binding-linux-riscv64-gnu@0.66.0':
    resolution: {integrity: sha512-K5fDaNZfDyQMYA/3qL21bqyN0X9T15LLwwbFPt2aHc94+ZG7bh0vZEsy2y7NlRnjjHFSwN+Hzg6ldJtbOriH4Q==}
    engines: {node: ^20.19.0 || >=22.12.0}
    cpu: [riscv64]
    os: [linux]
    libc: [glibc]

  '@oxfmt/binding-linux-riscv64-musl@0.66.0':
    resolution: {integrity: sha512-44Yc+I+qOmTElRcEhm5hUKIUJEQIOugymz4ua4tB0Wox7tGAfIbjzmXz/HDAtw1Ij6gmBwZlzh4hc9679RhWeA==}
    engines: {node: ^20.19.0 || >=22.12.0}
    cpu: [riscv64]
    os: [linux]
    libc: [musl]

  '@oxfmt/binding-linux-s390x-gnu@0.66.0':
    resolution: {integrity: sha512-1e29Eg9hEj2kRBB19M0seIehPbbXHCk35GvImjDvb79rjjYjXCRmtbUNHJcgoktZAMIzXrTbxDBKmTc1V4bg3A==}
    engines: {node: ^20.19.0 || >=22.12.0}
    cpu: [s390x]
    os: [linux]
    libc: [glibc]

  '@oxfmt/binding-linux-x64-gnu@0.66.0':
    resolution: {integrity: sha512-vODY1UQo10gngn0+D4xHKU84F1Twm1LqrzV4SqPXvmQKSd87paehvZ6jqA5wKs6XQrlWul9clYMDVHcoW9CPMA==}
    engines: {node: ^20.19.0 || >=22.12.0}
    cpu: [x64]
    os: [linux]
    libc: [glibc]

  '@oxfmt/binding-linux-x64-musl@0.66.0':
    resolution: {integrity: sha512-YDzXx2JsT4+HL4MdkVrYjO55NS5lUKNm8rLC4ZPou8+seu0v0jhecSh+ufoO6+xEa8gccEezMlI2WHJi4ApUgw==}
    engines: {node: ^20.19.0 || >=22.12.0}
    cpu: [x64]
    os: [linux]
    libc: [musl]

  '@oxfmt/binding-openharmony-arm64@0.66.0':
    resolution: {integrity: sha512-mJjUYd8lj0+j4JkYyEM+5qKBf1Rnrpgjn/SVYKJhicVDqLz566ooa7Fs8zflPqt+dnZDV7X054rVIQX6ZcQNlQ==}
    engines: {node: ^20.19.0 || >=22.12.0}
    cpu: [arm64]
    os: [openharmony]

  '@oxfmt/binding-win32-arm64-msvc@0.66.0':
    resolution: {integrity: sha512-soV+0vESv7e5ntCHWC61x4gg8OSak6IHHnWsZmHrJFlvMj2AK+kmldErCNkVkrvc1Ts2/++rJXn+IuAb2WMXhw==}
    engines: {node: ^20.19.0 || >=22.12.0}
    cpu: [arm64]
    os: [win32]

  '@oxfmt/binding-win32-ia32-msvc@0.66.0':
    resolution: {integrity: sha512-YCPi23uRIEYuIKTZohAkKbPFpujQ5QBuUM5iDv+UqbCmTPAkaFsxjsSuB8xlBpRT0G7eP/4HMF+cPDSqHtOD9A==}
    engines: {node: ^20.19.0 || >=22.12.0}
    cpu: [ia32]
    os: [win32]

  '@oxfmt/binding-win32-x64-msvc@0.66.0':
    resolution: {integrity: sha512-bwTQcv/JVRPkOqQtMF0X7vpvpncDQiBcXHxZ9S2hR12Hlo8bvBdUR5x5XnxzDZ3kM0qoZw1rv7KaD66Ly+pFWA==}
    engines: {node: ^20.19.0 || >=22.12.0}
    cpu: [x64]
    os: [win32]

  '@oxlint/binding-android-arm-eabi@1.80.0':
    resolution: {integrity: sha512-RM3Plj+biQpxa5d1GOOX6ciDlcUROmm4OZ/pLTpitkQt2mJv4jhtY4cbgaetOm5UKWZe05/TGQ6o1Vl8EOHkrA==}
    engines: {node: ^20.19.0 || >=22.12.0}
    cpu: [arm]
    os: [android]

  '@oxlint/binding-android-arm64@1.80.0':
    resolution: {integrity: sha512-YlO5JEf0Yr2bUUlu8O8daVcUxtcGGbcSmyV7E7nSbJbfAdxTE0PFPwgnIlw7wXJaTYjb+qs5hI5q3jxUkI7cAw==}
    engines: {node: ^20.19.0 || >=22.12.0}
    cpu: [arm64]
    os: [android]

  '@oxlint/binding-darwin-arm64@1.80.0':
    resolution: {integrity: sha512-BULDOyO3AhsmdWfQeIUCykDt3dd7XZBGLhp1eIh56skRv01O+cNjNPwXMIbeW1x4+pxcln5if72wcRgViVo7PA==}
    engines: {node: ^20.19.0 || >=22.12.0}
    cpu: [arm64]
    os: [darwin]

  '@oxlint/binding-darwin-x64@1.80.0':
    resolution: {integrity: sha512-YJ4JzLw7N5TDSQFlA0hAQGHvnDZgyypm1yunObVWcWiF9KM7eGCJKYKLgTC2Fi/57OdnBhbj4OkzPGdFQJ6HyA==}
    engines: {node: ^20.19.0 || >=22.12.0}
    cpu: [x64]
    os: [darwin]

  '@oxlint/binding-freebsd-x64@1.80.0':
    resolution: {integrity: sha512-AYUIk5QnL0s8oWAYsREZwkRYy1SupJTXALo93J1TgzHywxQtdM99FecRMQ87MXEdPQ0j1TmEpeeq3fGNkpvMqg==}
    engines: {node: ^20.19.0 || >=22.12.0}
    cpu: [x64]
    os: [freebsd]

  '@oxlint/binding-linux-arm-gnueabihf@1.80.0':
    resolution: {integrity: sha512-9hBZVANupQ89W9dXyE0n8doCyaW5pDyGn3y6XlIMPZ+rIKuyqkr3SNUXmVJIhuvUq0NBU3RBiSXXE69l4XI6KA==}
    engines: {node: ^20.19.0 || >=22.12.0}
    cpu: [arm]
    os: [linux]

  '@oxlint/binding-linux-arm-musleabihf@1.80.0':
    resolution: {integrity: sha512-SvS2uKqzY+pbfuvAHzH4338R6Zwo805GAwrIMVvK1KxoOWCIjZUdfzTCvilD7z6JK91v011+zYMryabhDo2AsQ==}
    engines: {node: ^20.19.0 || >=22.12.0}
    cpu: [arm]
    os: [linux]

  '@oxlint/binding-linux-arm64-gnu@1.80.0':
    resolution: {integrity: sha512-tCLadyqRVL3pQTRPNg7cjXKvcvS4fbyXeQHhKk5BTJ1oftQln5/yIIWbu/Xom/DX41zv2P9QGt6+D/TtQVtY3A==}
    engines: {node: ^20.19.0 || >=22.12.0}
    cpu: [arm64]
    os: [linux]
    libc: [glibc]

  '@oxlint/binding-linux-arm64-musl@1.80.0':
    resolution: {integrity: sha512-XfpCNRlOPcLlJl4Bn/FUhjqlR6BVavEykERBf/MV7YA9VZDa5g5znVqYhyviMafcxS9Pe/i/kPvHNO0U6svEHQ==}
    engines: {node: ^20.19.0 || >=22.12.0}
    cpu: [arm64]
    os: [linux]
    libc: [musl]

  '@oxlint/binding-linux-ppc64-gnu@1.80.0':
    resolution: {integrity: sha512-3I4yMwcFG9NeO8ioY6JBBuKsIm5GL/x7MATt1S4tVWaxPu5HcJ+XnLUbcVBTxG8q2Wu56HSj+NmXQiVYb1lp6A==}
    engines: {node: ^20.19.0 || >=22.12.0}
    cpu: [ppc64]
    os: [linux]
    libc: [glibc]

  '@oxlint/binding-linux-riscv64-gnu@1.80.0':
    resolution: {integrity: sha512-E1wAKymkpe1/E8helzBKdm81OBOF+ezxRyXRMEuik3ZpWDER5CPOKZwF66RsdwW98uwZv8UTFremUQtC1CzdJA==}
    engines: {node: ^20.19.0 || >=22.12.0}
    cpu: [riscv64]
    os: [linux]
    libc: [glibc]

  '@oxlint/binding-linux-riscv64-musl@1.80.0':
    resolution: {integrity: sha512-+gLRGD4sIo3+VA++iham5UxD9tKSoJ/VOrROCEXIcknrYtQg6iIQgvjN0cpiRF7N6UYC7pJbvHJlDnMge5LRpQ==}
    engines: {node: ^20.19.0 || >=22.12.0}
    cpu: [riscv64]
    os: [linux]
    libc: [musl]

  '@oxlint/binding-linux-s390x-gnu@1.80.0':
    resolution: {integrity: sha512-aR0PrzHj9leW3NmzBAAP4EzdoBNoJcs9sjnIQPIwyRnBGYrRbXUIpEB5Q39AqK3PLY5JK5uEhDQDiUa1QSAstw==}
    engines: {node: ^20.19.0 || >=22.12.0}
    cpu: [s390x]
    os: [linux]
    libc: [glibc]

  '@oxlint/binding-linux-x64-gnu@1.80.0':
    resolution: {integrity: sha512-vSVh5cSo3Xxs6ghBCcFJlpbkbENzDog1qXtoXLa/HC3aCrR4XO76GZbXmQoCPHnu99nQpdCeC3H9tdNICfDh7A==}
    engines: {node: ^20.19.0 || >=22.12.0}
    cpu: [x64]
    os: [linux]
    libc: [glibc]

  '@oxlint/binding-linux-x64-musl@1.80.0':
    resolution: {integrity: sha512-FfzBXpNQ8u7/ZI/p8bl73MeZ508Ax3hxWp3SiJpEFiC+BB9XcXy5FAZHTLKDPSzrUpxQZSZJAVdDmuJp/+HDBQ==}
    engines: {node: ^20.19.0 || >=22.12.0}
    cpu: [x64]
    os: [linux]
    libc: [musl]

  '@oxlint/binding-openharmony-arm64@1.80.0':
    resolution: {integrity: sha512-zMzbkumtmprCgRwoYNzcB3iC39fXdJIMLMU33KdCjEGLlJGOEt1+LwQ4LF8ndLzAEKVz4BR0y3V6Xrkk3Nm3yA==}
    engines: {node: ^20.19.0 || >=22.12.0}
    cpu: [arm64]
    os: [openharmony]

  '@oxlint/binding-win32-arm64-msvc@1.80.0':
    resolution: {integrity: sha512-ib6iRcrXsk4t1fm3iKcwksyWh1ZkZXC/2mEzakl0ai2+6HZunf1WWMZ/xP9EJAvw9g9K4UVTC3NF/+G2qLrbTQ==}
    engines: {node: ^20.19.0 || >=22.12.0}
    cpu: [arm64]
    os: [win32]

  '@oxlint/binding-win32-ia32-msvc@1.80.0':
    resolution: {integrity: sha512-xhRWBMpLxZvgKAH6+DJZmpP+W8Y8UdQOSU1JfxSWNXsaBaRGW77j+1hCuNHlzj7OH4SPN8fYd1q0o2qrDtoVyw==}
    engines: {node: ^20.19.0 || >=22.12.0}
    cpu: [ia32]
    os: [win32]

  '@oxlint/binding-win32-x64-msvc@1.80.0':
    resolution: {integrity: sha512-yAnO7lwBYQnz2pcfBPIGQQZWIX5zd5R/1aAKIF3oE+TVj7IhoHcROjOkz3sRDngzqhfPKfFaXqug5j5rE5dn6Q==}
    engines: {node: ^20.19.0 || >=22.12.0}
    cpu: [x64]
    os: [win32]

  '@types/node@26.3.0':
    resolution: {integrity: sha512-L3fgrnchriRC2ExBflb8j4uZZURHZfQsmQeyVzhjcHW4kkwVyo8/0h1B2MVzMTrYUJYu6G7EWs14hW/L9putqw==}

  node@runtime:26.7.0:
    resolution:
      type: variations
      variants:
        - resolution:
            archive: tarball
            bin:
              node: bin/node
            integrity: sha256-aiblNEH7fhCX+gsZYWAAoDCpuWFW6xWg/iJoLP3xmtI=
            type: binary
            url: https://nodejs.org/download/release/v26.7.0/node-v26.7.0-aix-ppc64.tar.gz
          targets:
            - cpu: ppc64
              os: aix
        - resolution:
            archive: tarball
            bin:
              node: bin/node
            integrity: sha256-fuZZp3aOZBu/1TYJQGYLjo/QBS93SI82VWK6xSL8FdQ=
            type: binary
            url: https://nodejs.org/download/release/v26.7.0/node-v26.7.0-darwin-arm64.tar.gz
          targets:
            - cpu: arm64
              os: darwin
        - resolution:
            archive: tarball
            bin:
              node: bin/node
            integrity: sha256-8nnR7SjOV/d4i/I0NdKtf910OJBK1cTYoQgafN49S5Y=
            type: binary
            url: https://nodejs.org/download/release/v26.7.0/node-v26.7.0-darwin-x64.tar.gz
          targets:
            - cpu: x64
              os: darwin
        - resolution:
            archive: tarball
            bin:
              node: bin/node
            integrity: sha256-klqmFX3TdULQ1/Lii3v2Hns5KEQRIQsEmLw3iNtK72g=
            type: binary
            url: https://nodejs.org/download/release/v26.7.0/node-v26.7.0-linux-arm64.tar.gz
          targets:
            - cpu: arm64
              os: linux
        - resolution:
            archive: tarball
            bin:
              node: bin/node
            integrity: sha256-tB38aBaeIOVNeeCwRD0Kz1tlJTWkAQoyWNbdsdEY2RQ=
            type: binary
            url: https://nodejs.org/download/release/v26.7.0/node-v26.7.0-linux-ppc64le.tar.gz
          targets:
            - cpu: ppc64le
              os: linux
        - resolution:
            archive: tarball
            bin:
              node: bin/node
            integrity: sha256-wzXjp4/3I/NsF5KTkNG9QAPyZ777oSySdkrL9qNyZ+4=
            type: binary
            url: https://nodejs.org/download/release/v26.7.0/node-v26.7.0-linux-s390x.tar.gz
          targets:
            - cpu: s390x
              os: linux
        - resolution:
            archive: tarball
            bin:
              node: bin/node
            integrity: sha256-vWtsMeN3utmtV5vtcuW8EfTIeayUUq1R0w5kbqPYKN8=
            type: binary
            url: https://nodejs.org/download/release/v26.7.0/node-v26.7.0-linux-x64.tar.gz
          targets:
            - cpu: x64
              os: linux
        - resolution:
            archive: zip
            bin:
              node: node.exe
            integrity: sha256-vod1IEz87KWnPDD5G/DeXoUnTAG3dtwT8WuRqiUeuwE=
            prefix: node-v26.7.0-win-arm64
            type: binary
            url: https://nodejs.org/download/release/v26.7.0/node-v26.7.0-win-arm64.zip
          targets:
            - cpu: arm64
              os: win32
        - resolution:
            archive: zip
            bin:
              node: node.exe
            integrity: sha256-071ydVFB7TK7zYQSKO6BiXyKmNUN+n2uIXk5mgp8kPg=
            prefix: node-v26.7.0-win-x64
            type: binary
            url: https://nodejs.org/download/release/v26.7.0/node-v26.7.0-win-x64.zip
          targets:
            - cpu: x64
              os: win32
        - resolution:
            archive: tarball
            bin:
              node: bin/node
            integrity: sha256-HxbMD2/ryxvtHUVQMGgG28+69cG8L0Tzxci10ipMwno=
            type: binary
            url: https://unofficial-builds.nodejs.org/download/release/v26.7.0/node-v26.7.0-linux-arm64-musl.tar.gz
          targets:
            - cpu: arm64
              os: linux
              libc: musl
        - resolution:
            archive: tarball
            bin:
              node: bin/node
            integrity: sha256-XcAYDnaE7eb8nZ5jM9pFaG9LWnggcp0zxoM1soMzcpU=
            type: binary
            url: https://unofficial-builds.nodejs.org/download/release/v26.7.0/node-v26.7.0-linux-x64-musl.tar.gz
          targets:
            - cpu: x64
              os: linux
              libc: musl
    version: 26.7.0
    hasBin: true

  oxfmt@0.66.0:
    resolution: {integrity: sha512-FfvqR8RFtV6JJpRrpkfqyVCQ7HDvZ/VriWFx7veftCgL1B5ZO9qNr+1rvPieycMQnNfVG0PWyJQiy7p0hq1I5w==}
    engines: {node: ^20.19.0 || >=22.12.0}
    hasBin: true
    peerDependencies:
      svelte: ^5.0.0
      vite-plus: '*'
    peerDependenciesMeta:
      svelte:
        optional: true
      vite-plus:
        optional: true

  oxlint@1.80.0:
    resolution: {integrity: sha512-5nTiSps4qdbCWLbxzuO00alHkEO2exR9YMN/ig6QXWrLsYSG0KaObOAM+l6oU2LcKPWoSAGYbkZIGEu1ViiWKA==}
    engines: {node: ^20.19.0 || >=22.12.0}
    hasBin: true
    peerDependencies:
      oxlint-tsgolint: '>=7.0.2001'
      vite-plus: '*'
    peerDependenciesMeta:
      oxlint-tsgolint:
        optional: true
      vite-plus:
        optional: true

  tinypool@2.1.0:
    resolution: {integrity: sha512-Pugqs6M0m7Lv1I7FtxN4aoyToKg1C4tu+/381vH35y8oENM/Ai7f7C4StcoK4/+BSw9ebcS8jRiVrORFKCALLw==}
    engines: {node: ^20.0.0 || >=22.0.0}

  typescript@6.0.3:
    resolution: {integrity: sha512-y2TvuxSZPDyQakkFRPZHKFm+KKVqIisdg9/CZwm9ftvKXLP8NRWj38/ODjNbr43SsoXqNuAisEf1GdCxqWcdBw==}
    engines: {node: '>=14.17'}
    hasBin: true

  undici-types@8.3.0:
    resolution: {integrity: sha512-j375ScV60dom+YkPFIfTLcOiPxkN/buHz5GobjLhixFuANaNs3C9l4GmrWqejgXWJ7BbJcFYpTEUkS1Ge8bpZQ==}

  zod@4.3.0:
    resolution: {integrity: sha512-dXOXgs5b9ulOPotwXMEsAUoUPL2glchysY0RTJYVqJ7bU0Y5gqE1k3v19eCWrJsczrbae/Dt9+ajrJbr8Ot4uw==}

  zod@4.4.3:
    resolution: {integrity: sha512-ytENFjIJFl2UwYglde2jchW2Hwm4GJFLDiSXWdTrJQBIN9Fcyp7n4DhxJEiWNAJMV1/BqWfW/kkg71UDcHJyTQ==}

snapshots:

  '@oxfmt/binding-android-arm-eabi@0.66.0':
    optional: true

  '@oxfmt/binding-android-arm64@0.66.0':
    optional: true

  '@oxfmt/binding-darwin-arm64@0.66.0':
    optional: true

  '@oxfmt/binding-darwin-x64@0.66.0':
    optional: true

  '@oxfmt/binding-freebsd-x64@0.66.0':
    optional: true

  '@oxfmt/binding-linux-arm-gnueabihf@0.66.0':
    optional: true

  '@oxfmt/binding-linux-arm-musleabihf@0.66.0':
    optional: true

  '@oxfmt/binding-linux-arm64-gnu@0.66.0':
    optional: true

  '@oxfmt/binding-linux-arm64-musl@0.66.0':
    optional: true

  '@oxfmt/binding-linux-ppc64-gnu@0.66.0':
    optional: true

  '@oxfmt/binding-linux-riscv64-gnu@0.66.0':
    optional: true

  '@oxfmt/binding-linux-riscv64-musl@0.66.0':
    optional: true

  '@oxfmt/binding-linux-s390x-gnu@0.66.0':
    optional: true

  '@oxfmt/binding-linux-x64-gnu@0.66.0':
    optional: true

  '@oxfmt/binding-linux-x64-musl@0.66.0':
    optional: true

  '@oxfmt/binding-openharmony-arm64@0.66.0':
    optional: true

  '@oxfmt/binding-win32-arm64-msvc@0.66.0':
    optional: true

  '@oxfmt/binding-win32-ia32-msvc@0.66.0':
    optional: true

  '@oxfmt/binding-win32-x64-msvc@0.66.0':
    optional: true

  '@oxlint/binding-android-arm-eabi@1.80.0':
    optional: true

  '@oxlint/binding-android-arm64@1.80.0':
    optional: true

  '@oxlint/binding-darwin-arm64@1.80.0':
    optional: true

  '@oxlint/binding-darwin-x64@1.80.0':
    optional: true

  '@oxlint/binding-freebsd-x64@1.80.0':
    optional: true

  '@oxlint/binding-linux-arm-gnueabihf@1.80.0':
    optional: true

  '@oxlint/binding-linux-arm-musleabihf@1.80.0':
    optional: true

  '@oxlint/binding-linux-arm64-gnu@1.80.0':
    optional: true

  '@oxlint/binding-linux-arm64-musl@1.80.0':
    optional: true

  '@oxlint/binding-linux-ppc64-gnu@1.80.0':
    optional: true

  '@oxlint/binding-linux-riscv64-gnu@1.80.0':
    optional: true

  '@oxlint/binding-linux-riscv64-musl@1.80.0':
    optional: true

  '@oxlint/binding-linux-s390x-gnu@1.80.0':
    optional: true

  '@oxlint/binding-linux-x64-gnu@1.80.0':
    optional: true

  '@oxlint/binding-linux-x64-musl@1.80.0':
    optional: true

  '@oxlint/binding-openharmony-arm64@1.80.0':
    optional: true

  '@oxlint/binding-win32-arm64-msvc@1.80.0':
    optional: true

  '@oxlint/binding-win32-ia32-msvc@1.80.0':
    optional: true

  '@oxlint/binding-win32-x64-msvc@1.80.0':
    optional: true

  '@types/node@26.3.0':
    dependencies:
      undici-types: 8.3.0

  node@runtime:26.7.0: {}

  oxfmt@0.66.0:
    dependencies:
      tinypool: 2.1.0
    optionalDependencies:
      '@oxfmt/binding-android-arm-eabi': 0.66.0
      '@oxfmt/binding-android-arm64': 0.66.0
      '@oxfmt/binding-darwin-arm64': 0.66.0
      '@oxfmt/binding-darwin-x64': 0.66.0
      '@oxfmt/binding-freebsd-x64': 0.66.0
      '@oxfmt/binding-linux-arm-gnueabihf': 0.66.0
      '@oxfmt/binding-linux-arm-musleabihf': 0.66.0
      '@oxfmt/binding-linux-arm64-gnu': 0.66.0
      '@oxfmt/binding-linux-arm64-musl': 0.66.0
      '@oxfmt/binding-linux-ppc64-gnu': 0.66.0
      '@oxfmt/binding-linux-riscv64-gnu': 0.66.0
      '@oxfmt/binding-linux-riscv64-musl': 0.66.0
      '@oxfmt/binding-linux-s390x-gnu': 0.66.0
      '@oxfmt/binding-linux-x64-gnu': 0.66.0
      '@oxfmt/binding-linux-x64-musl': 0.66.0
      '@oxfmt/binding-openharmony-arm64': 0.66.0
      '@oxfmt/binding-win32-arm64-msvc': 0.66.0
      '@oxfmt/binding-win32-ia32-msvc': 0.66.0
      '@oxfmt/binding-win32-x64-msvc': 0.66.0

  oxlint@1.80.0:
    optionalDependencies:
      '@oxlint/binding-android-arm-eabi': 1.80.0
      '@oxlint/binding-android-arm64': 1.80.0
      '@oxlint/binding-darwin-arm64': 1.80.0
      '@oxlint/binding-darwin-x64': 1.80.0
      '@oxlint/binding-freebsd-x64': 1.80.0
      '@oxlint/binding-linux-arm-gnueabihf': 1.80.0
      '@oxlint/binding-linux-arm-musleabihf': 1.80.0
      '@oxlint/binding-linux-arm64-gnu': 1.80.0
      '@oxlint/binding-linux-arm64-musl': 1.80.0
      '@oxlint/binding-linux-ppc64-gnu': 1.80.0
      '@oxlint/binding-linux-riscv64-gnu': 1.80.0
      '@oxlint/binding-linux-riscv64-musl': 1.80.0
      '@oxlint/binding-linux-s390x-gnu': 1.80.0
      '@oxlint/binding-linux-x64-gnu': 1.80.0
      '@oxlint/binding-linux-x64-musl': 1.80.0
      '@oxlint/binding-openharmony-arm64': 1.80.0
      '@oxlint/binding-win32-arm64-msvc': 1.80.0
      '@oxlint/binding-win32-ia32-msvc': 1.80.0
      '@oxlint/binding-win32-x64-msvc': 1.80.0

  tinypool@2.1.0: {}

  typescript@6.0.3: {}

  undici-types@8.3.0: {}

  zod@4.3.0: {}

  zod@4.4.3: {}
