lockfileVersion: '9.0'

settings:
  autoInstallPeers: true
  excludeLinksFromLockfile: false

importers:

  .:
    devDependencies:
      '@types/node':
        specifier: ^26.3.0
        version: 26.3.0
      node:
        specifier: runtime:^26.7.0
        version: runtime:26.7.0
      oxfmt:
        specifier: ^0.64.0
        version: 0.64.0
      oxlint:
        specifier: ^1.87.0
        version: 1.87.0
      typescript:
        specifier: ^6.0.3
        version: 6.0.3
      zod:
        specifier: 4.4.3
        version: 4.4.3
      zod-alt:
        specifier: npm:zod@4.3.0
        version: zod@4.3.0

packages:

  '@oxfmt/binding-android-arm-eabi@0.64.0':
    resolution: {integrity: sha512-o6uzh/jTOQeAY5TdkAeXdqv7MBRcPxiRA08zrcBtkKj5cSu/FMu0Hl7Q6Fi1KCKyCWZ6lJVjBzdsJvsKltUsGQ==}
    engines: {node: ^20.19.0 || >=22.12.0}
    cpu: [arm]
    os: [android]

  '@oxfmt/binding-android-arm64@0.64.0':
    resolution: {integrity: sha512-jRGSUeeP7p3Gynw2YaCVtjBIA6ZxY6bEB/ES5i54OhqmRTyuVg7ZgstEtzgq6GOAJd+2QZ5pvf+bFfmW5Mp9cw==}
    engines: {node: ^20.19.0 || >=22.12.0}
    cpu: [arm64]
    os: [android]

  '@oxfmt/binding-darwin-arm64@0.64.0':
    resolution: {integrity: sha512-JINwtU2lW7nOFSqi+H2qplipNUqah9Gc1jgGmB82kTD4UnZrZIVxCJ9qEmFiKfjNq27gYLFhrUb0to86aCwMjw==}
    engines: {node: ^20.19.0 || >=22.12.0}
    cpu: [arm64]
    os: [darwin]

  '@oxfmt/binding-darwin-x64@0.64.0':
    resolution: {integrity: sha512-gCmuswrgrOSajV4HCRFkVCGIruPq8bjYuPYgSE2WQB3mD6XrdyZ3JMSRZCkQ8zCxOyGWriBo6QoZ5nmMHQ1BfA==}
    engines: {node: ^20.19.0 || >=22.12.0}
    cpu: [x64]
    os: [darwin]

  '@oxfmt/binding-freebsd-x64@0.64.0':
    resolution: {integrity: sha512-Ab8g7a38pT0MMImjh7anRSTve6buWBIlcXIFBYa5xl4s6UxEgKSc2xOOhbGtLwvXnEi2PsEDGoJh3oUU7xkehQ==}
    engines: {node: ^20.19.0 || >=22.12.0}
    cpu: [x64]
    os: [freebsd]

  '@oxfmt/binding-linux-arm-gnueabihf@0.64.0':
    resolution: {integrity: sha512-BgvS3CoQ+Xy2deoZqEN8JVKabcCZi2RxA3yant8G9OAv9KuPJ9TCjHkqigzdHUVwErZxEP5d2bzLIEyKYyBDLg==}
    engines: {node: ^20.19.0 || >=22.12.0}
    cpu: [arm]
    os: [linux]

  '@oxfmt/binding-linux-arm-musleabihf@0.64.0':
    resolution: {integrity: sha512-QXpNxwoMj0YvnceCNZadNSden3bIcnvjn/sDp/rwZhRoZoZYGpHvtPyhGsdJz9uvT9GkaMW7SsLddurU56dt8w==}
    engines: {node: ^20.19.0 || >=22.12.0}
    cpu: [arm]
    os: [linux]

  '@oxfmt/binding-linux-arm64-gnu@0.64.0':
    resolution: {integrity: sha512-BBgH3I1ppDsI5pZ4Pdhw0ceYxwVCfbU/bZEBCeZ6caRS9x0ZabErxubP7riGUn11PXZBhe8DYdjkDKP1FlVQ5w==}
    engines: {node: ^20.19.0 || >=22.12.0}
    cpu: [arm64]
    os: [linux]
    libc: [glibc]

  '@oxfmt/binding-linux-arm64-musl@0.64.0':
    resolution: {integrity: sha512-v19HSjC/BGXdt26qEvKZtwAHgGmQ2Agcap2kQP+KIqoRZqivVzYth3ui2dJA1i+6/fjpjga85lIOaJJjQ/bOOw==}
    engines: {node: ^20.19.0 || >=22.12.0}
    cpu: [arm64]
    os: [linux]
    libc: [musl]

  '@oxfmt/binding-linux-ppc64-gnu@0.64.0':
    resolution: {integrity: sha512-PElLnOo4xFTBZrxPhgTIj0eHqZXwEBQoNWtb7facUV170T0B0FRET0iNbb3LUeLWTybkUW+vsdyv4ihOdyXGyw==}
    engines: {node: ^20.19.0 || >=22.12.0}
    cpu: [ppc64]
    os: [linux]
    libc: [glibc]

  '@oxfmt/binding-linux-riscv64-gnu@0.64.0':
    resolution: {integrity: sha512-Qzsg15n4F5CH+MorcRW4MkAEMiLzXmeG+DiDSbP/bBTqCmWOH3K9DHryNrve+JHlV0txS+B6Z9P5Xz+cmWeL+g==}
    engines: {node: ^20.19.0 || >=22.12.0}
    cpu: [riscv64]
    os: [linux]
    libc: [glibc]

  '@oxfmt/binding-linux-riscv64-musl@0.64.0':
    resolution: {integrity: sha512-/GZ358wnQ/Ez4UVnCcZIi56JkY0sOdZ+B108pqXKqZz3jLS59F4KEAB1Qv3fRlObrFEk+3L2vUQ/xoPx+3vjXw==}
    engines: {node: ^20.19.0 || >=22.12.0}
    cpu: [riscv64]
    os: [linux]
    libc: [musl]

  '@oxfmt/binding-linux-s390x-gnu@0.64.0':
    resolution: {integrity: sha512-/C9We3DXegowfLXtVCYHeNiU9azwCDr5cQkEtCVlc74vyn+lLQSPApJ1CZmxAduqeq/Oi3gQ+IVptyhCaTMtkQ==}
    engines: {node: ^20.19.0 || >=22.12.0}
    cpu: [s390x]
    os: [linux]
    libc: [glibc]

  '@oxfmt/binding-linux-x64-gnu@0.64.0':
    resolution: {integrity: sha512-91KM2CeRWscIEHlj1NsW2WSnzGeq1Ehq+39bfDowTdkn+fcvK/x4Y1RcyqT7glyBjZio0ldkeCG6Usj3v7ASog==}
    engines: {node: ^20.19.0 || >=22.12.0}
    cpu: [x64]
    os: [linux]
    libc: [glibc]

  '@oxfmt/binding-linux-x64-musl@0.64.0':
    resolution: {integrity: sha512-gw7uEk9I+7zoT1EYLra1eWArIzNcz8e3jkv+Noo2+o2T7wPvsNSQbfoa4DSfZlvn1i6mJ05RiZ4/omaXPDNhQg==}
    engines: {node: ^20.19.0 || >=22.12.0}
    cpu: [x64]
    os: [linux]
    libc: [musl]

  '@oxfmt/binding-openharmony-arm64@0.64.0':
    resolution: {integrity: sha512-HYHFf616FHSPSO07c09mjmXBfQ73wIVM3m0txOiooa5XZkGoxFd6B14PVj0LB0DXIqJ6wAO/dDR/NX/5UUaqnw==}
    engines: {node: ^20.19.0 || >=22.12.0}
    cpu: [arm64]
    os: [openharmony]

  '@oxfmt/binding-win32-arm64-msvc@0.64.0':
    resolution: {integrity: sha512-uQjFp081IZSWD6VAofX2iO2z01awAdHmfC+NrieWIPKrT2hZKQDyq/U18M7ifC0sm0Wz8aHY/p6+FDYIzs/CrQ==}
    engines: {node: ^20.19.0 || >=22.12.0}
    cpu: [arm64]
    os: [win32]

  '@oxfmt/binding-win32-ia32-msvc@0.64.0':
    resolution: {integrity: sha512-lNM6byTAQ881jugzFu8juJTbNRgsUTlswMA6pJmwi1XDvmIqnnb49lcUAs5gz94fCJLrVN+/X3s3jOKqx23WIQ==}
    engines: {node: ^20.19.0 || >=22.12.0}
    cpu: [ia32]
    os: [win32]

  '@oxfmt/binding-win32-x64-msvc@0.64.0':
    resolution: {integrity: sha512-BtmbtL/QjMtF1a6C3CqoDluH2IfB6fJt62E+B9RFfUPtFk4Iz9PFS6+y/SzzOvSxc7aUk2Kphwg7Dh8lMbwu6g==}
    engines: {node: ^20.19.0 || >=22.12.0}
    cpu: [x64]
    os: [win32]

  '@oxlint/binding-android-arm-eabi@1.87.0':
    resolution: {integrity: sha512-22tVIHlB9898OYsBKmYB6He1MCSqdTmK1BVWuSNUTVrpS0KWNege+U9uEYqGJ+KatQag0r/oU44i3OOs46z7HQ==}
    engines: {node: ^20.19.0 || >=22.12.0}
    cpu: [arm]
    os: [android]

  '@oxlint/binding-android-arm64@1.87.0':
    resolution: {integrity: sha512-JfZQ3MWf74n8ov0DojZpkOduIubYJvZL5tbTMMhDutsal6u1xH1QuNpN+lK+EQwF8AeAfgwTR2fgh5U2br27XA==}
    engines: {node: ^20.19.0 || >=22.12.0}
    cpu: [arm64]
    os: [android]

  '@oxlint/binding-darwin-arm64@1.87.0':
    resolution: {integrity: sha512-rkx6Xvvw93z2GImVOyvbZwAZcoY0Z6MJW177XNsSB+i/CBsH7ANyelTp01VZyIkM3iSXtqKVb4+ptBgPHap5pQ==}
    engines: {node: ^20.19.0 || >=22.12.0}
    cpu: [arm64]
    os: [darwin]

  '@oxlint/binding-darwin-x64@1.87.0':
    resolution: {integrity: sha512-cw5nYw7L/pQ2SgGBgOcg/Qo89llQre3vIc/kuBLhSICzu1r5s8L76H3ug6AIFsD98WpROj8/z5JVzkf4daxHaQ==}
    engines: {node: ^20.19.0 || >=22.12.0}
    cpu: [x64]
    os: [darwin]

  '@oxlint/binding-freebsd-x64@1.87.0':
    resolution: {integrity: sha512-x/SuznE6loRZK9gz9AS4ZmzNzSu+5KdeoCS+sVHhnrE8HM6AD8UyTjwldQTTqlXGvkwHASgB0NiTNOc3o3PdAg==}
    engines: {node: ^20.19.0 || >=22.12.0}
    cpu: [x64]
    os: [freebsd]

  '@oxlint/binding-linux-arm-gnueabihf@1.87.0':
    resolution: {integrity: sha512-+JEDmCAXiiFmKhAjZhgAOwaHWY6WENOQ5QA+lFuY59tgsUCDOTRi46B+lENK6CWvtxsXpwkZXNOgpjAQcpIpnA==}
    engines: {node: ^20.19.0 || >=22.12.0}
    cpu: [arm]
    os: [linux]

  '@oxlint/binding-linux-arm-musleabihf@1.87.0':
    resolution: {integrity: sha512-/uC9XqXLAC9AHFLNycwmSQEvKqGrOCgU+uXALI7gNW0DG81TJ/3T2eHnKdRvcb5R1gFEfjxDwI4e4zIa29rICQ==}
    engines: {node: ^20.19.0 || >=22.12.0}
    cpu: [arm]
    os: [linux]

  '@oxlint/binding-linux-arm64-gnu@1.87.0':
    resolution: {integrity: sha512-FTRYPsBy/M728vnUv7l+KAwSAa3Qi4BQbhVvy7NYuMTZ0sUa/OWsbMx79HVFw6u/5KWcaYayDsoOiv7xbevzDg==}
    engines: {node: ^20.19.0 || >=22.12.0}
    cpu: [arm64]
    os: [linux]
    libc: [glibc]

  '@oxlint/binding-linux-arm64-musl@1.87.0':
    resolution: {integrity: sha512-6sC+N7IY0h1egd8SrYUGNN7CUyKJZ4bIZakKa7V7hfinf4jfi8Kq4+klJvFp5DqXcwMn44I5MeBwmJluO1odFg==}
    engines: {node: ^20.19.0 || >=22.12.0}
    cpu: [arm64]
    os: [linux]
    libc: [musl]

  '@oxlint/binding-linux-ppc64-gnu@1.87.0':
    resolution: {integrity: sha512-d5Mnn+ICbhoJPi37Ccjy+86T5qfH2+mSTrTMBXNPfB+wqSWOayBBLLIrCXdUy1YssluCVdGkl+DO9w5r5ODmUA==}
    engines: {node: ^20.19.0 || >=22.12.0}
    cpu: [ppc64]
    os: [linux]
    libc: [glibc]

  '@oxlint/binding-linux-riscv64-gnu@1.87.0':
    resolution: {integrity: sha512-sf5YWuUo1Dx9loqWCgF8P278MycfcD4JHjDC/LV5j11L3Lqa4PFiwCjD6B8kP4AjsgZZkLn3xbpJEtZBaccs4Q==}
    engines: {node: ^20.19.0 || >=22.12.0}
    cpu: [riscv64]
    os: [linux]
    libc: [glibc]

  '@oxlint/binding-linux-riscv64-musl@1.87.0':
    resolution: {integrity: sha512-+aCraYbmK3uU3P0rFojjeaK9pGY6JvBDXh/0CM+gPyWKmNmXmnFe0qj4qj02U4ibFpbd9Pa9CmDvIdjJUd29rA==}
    engines: {node: ^20.19.0 || >=22.12.0}
    cpu: [riscv64]
    os: [linux]
    libc: [musl]

  '@oxlint/binding-linux-s390x-gnu@1.87.0':
    resolution: {integrity: sha512-7rzbZQIljo6VLWVPqUyLa2P/WV3VFsJB4M52R4NCUJn1A50yjtUsHxiMHFL9opEKGFIiTbZ3VQzmtcJOPUq4NQ==}
    engines: {node: ^20.19.0 || >=22.12.0}
    cpu: [s390x]
    os: [linux]
    libc: [glibc]

  '@oxlint/binding-linux-x64-gnu@1.87.0':
    resolution: {integrity: sha512-Dry46Fa+AXE/xt9J/YriujU1pU9mzfNWHGQwtOYibAFH8HLrKWCi93AhIGnuUMiwn2JbuBkRyz51f50Ly4r4ow==}
    engines: {node: ^20.19.0 || >=22.12.0}
    cpu: [x64]
    os: [linux]
    libc: [glibc]

  '@oxlint/binding-linux-x64-musl@1.87.0':
    resolution: {integrity: sha512-f/HMZez74gJvnRpGz+b5sdGyWrEgRLmFTXg9sNoqjPWogGxYHUhXKTKyMiYsu9rUGR2ciYqL3fk+Ua4JhMJbRA==}
    engines: {node: ^20.19.0 || >=22.12.0}
    cpu: [x64]
    os: [linux]
    libc: [musl]

  '@oxlint/binding-openharmony-arm64@1.87.0':
    resolution: {integrity: sha512-lEC6ZfPZm/07JlB7FsOWX9o1RiHlXiBW594LSUGuXmekC8LZmvUPP9XzE2WZcNxJi5cHA/Fw56o02c3JxgMA5g==}
    engines: {node: ^20.19.0 || >=22.12.0}
    cpu: [arm64]
    os: [openharmony]

  '@oxlint/binding-win32-arm64-msvc@1.87.0':
    resolution: {integrity: sha512-afBWKOD36dUiA9AenaiWpCg8xfyUVPYznyAAVXu413brK4RA5UI/Xoc4yfeGIT8G1a44MV+JR7hioryerBDzGQ==}
    engines: {node: ^20.19.0 || >=22.12.0}
    cpu: [arm64]
    os: [win32]

  '@oxlint/binding-win32-ia32-msvc@1.87.0':
    resolution: {integrity: sha512-daptNsEOuru4/nJTxV4DBHNJ5GepzmaBVQf+jjgKQGi9NRlZKik+RFq4hUL7ewsF1pwjKM+SkYaMbF82UwFGnw==}
    engines: {node: ^20.19.0 || >=22.12.0}
    cpu: [ia32]
    os: [win32]

  '@oxlint/binding-win32-x64-msvc@1.87.0':
    resolution: {integrity: sha512-k+m/EShyXE29J/r1fjk0HlAzhN5JhIvj044oSJkXTEkCLrWZQgXb/3r4q5LTw/eaKW/4GuMXG2xmiJs3s5rPNw==}
    engines: {node: ^20.19.0 || >=22.12.0}
    cpu: [x64]
    os: [win32]

  '@types/node@26.3.0':
    resolution: {integrity: sha512-L3fgrnchriRC2ExBflb8j4uZZURHZfQsmQeyVzhjcHW4kkwVyo8/0h1B2MVzMTrYUJYu6G7EWs14hW/L9putqw==}

  node@runtime:26.7.0:
    resolution:
      type: variations
      variants:
        - resolution:
            archive: tarball
            bin:
              node: bin/node
            integrity: sha256-aiblNEH7fhCX+gsZYWAAoDCpuWFW6xWg/iJoLP3xmtI=
            type: binary
            url: https://nodejs.org/download/release/v26.7.0/node-v26.7.0-aix-ppc64.tar.gz
          targets:
            - cpu: ppc64
              os: aix
        - resolution:
            archive: tarball
            bin:
              node: bin/node
            integrity: sha256-fuZZp3aOZBu/1TYJQGYLjo/QBS93SI82VWK6xSL8FdQ=
            type: binary
            url: https://nodejs.org/download/release/v26.7.0/node-v26.7.0-darwin-arm64.tar.gz
          targets:
            - cpu: arm64
              os: darwin
        - resolution:
            archive: tarball
            bin:
              node: bin/node
            integrity: sha256-8nnR7SjOV/d4i/I0NdKtf910OJBK1cTYoQgafN49S5Y=
            type: binary
            url: https://nodejs.org/download/release/v26.7.0/node-v26.7.0-darwin-x64.tar.gz
          targets:
            - cpu: x64
              os: darwin
        - resolution:
            archive: tarball
            bin:
              node: bin/node
            integrity: sha256-klqmFX3TdULQ1/Lii3v2Hns5KEQRIQsEmLw3iNtK72g=
            type: binary
            url: https://nodejs.org/download/release/v26.7.0/node-v26.7.0-linux-arm64.tar.gz
          targets:
            - cpu: arm64
              os: linux
        - resolution:
            archive: tarball
            bin:
              node: bin/node
            integrity: sha256-tB38aBaeIOVNeeCwRD0Kz1tlJTWkAQoyWNbdsdEY2RQ=
            type: binary
            url: https://nodejs.org/download/release/v26.7.0/node-v26.7.0-linux-ppc64le.tar.gz
          targets:
            - cpu: ppc64le
              os: linux
        - resolution:
            archive: tarball
            bin:
              node: bin/node
            integrity: sha256-wzXjp4/3I/NsF5KTkNG9QAPyZ777oSySdkrL9qNyZ+4=
            type: binary
            url: https://nodejs.org/download/release/v26.7.0/node-v26.7.0-linux-s390x.tar.gz
          targets:
            - cpu: s390x
              os: linux
        - resolution:
            archive: tarball
            bin:
              node: bin/node
            integrity: sha256-vWtsMeN3utmtV5vtcuW8EfTIeayUUq1R0w5kbqPYKN8=
            type: binary
            url: https://nodejs.org/download/release/v26.7.0/node-v26.7.0-linux-x64.tar.gz
          targets:
            - cpu: x64
              os: linux
        - resolution:
            archive: zip
            bin:
              node: node.exe
            integrity: sha256-vod1IEz87KWnPDD5G/DeXoUnTAG3dtwT8WuRqiUeuwE=
            prefix: node-v26.7.0-win-arm64
            type: binary
            url: https://nodejs.org/download/release/v26.7.0/node-v26.7.0-win-arm64.zip
          targets:
            - cpu: arm64
              os: win32
        - resolution:
            archive: zip
            bin:
              node: node.exe
            integrity: sha256-071ydVFB7TK7zYQSKO6BiXyKmNUN+n2uIXk5mgp8kPg=
            prefix: node-v26.7.0-win-x64
            type: binary
            url: https://nodejs.org/download/release/v26.7.0/node-v26.7.0-win-x64.zip
          targets:
            - cpu: x64
              os: win32
        - resolution:
            archive: tarball
            bin:
              node: bin/node
            integrity: sha256-HxbMD2/ryxvtHUVQMGgG28+69cG8L0Tzxci10ipMwno=
            type: binary
            url: https://unofficial-builds.nodejs.org/download/release/v26.7.0/node-v26.7.0-linux-arm64-musl.tar.gz
          targets:
            - cpu: arm64
              os: linux
              libc: musl
        - resolution:
            archive: tarball
            bin:
              node: bin/node
            integrity: sha256-XcAYDnaE7eb8nZ5jM9pFaG9LWnggcp0zxoM1soMzcpU=
            type: binary
            url: https://unofficial-builds.nodejs.org/download/release/v26.7.0/node-v26.7.0-linux-x64-musl.tar.gz
          targets:
            - cpu: x64
              os: linux
              libc: musl
    version: 26.7.0
    hasBin: true

  oxfmt@0.64.0:
    resolution: {integrity: sha512-XZ4GFBN/PLbXKq+0zrgpQfPKYuJlUuj+nzZJY7UpIbFMNyefNLCdN9EwViycNqnYcv0wrn0jXcQLlqJp8RCKBg==}
    engines: {node: ^20.19.0 || >=22.12.0}
    hasBin: true
    peerDependencies:
      svelte: ^5.0.0
      vite-plus: '*'
    peerDependenciesMeta:
      svelte:
        optional: true
      vite-plus:
        optional: true

  oxlint@1.87.0:
    resolution: {integrity: sha512-drxVlaW7Oqq7wSy1CN25znRu00aRq8n57Q2wniJRxCmtYVz07ufCm7EVDPQFZURrTgQIjzKrVEHAD/HcvJXObg==}
    engines: {node: ^20.19.0 || >=22.12.0}
    hasBin: true
    peerDependencies:
      oxlint-tsgolint: '>=7.0.2003'
      vite-plus: '*'
    peerDependenciesMeta:
      oxlint-tsgolint:
        optional: true
      vite-plus:
        optional: true

  tinypool@2.1.0:
    resolution: {integrity: sha512-Pugqs6M0m7Lv1I7FtxN4aoyToKg1C4tu+/381vH35y8oENM/Ai7f7C4StcoK4/+BSw9ebcS8jRiVrORFKCALLw==}
    engines: {node: ^20.0.0 || >=22.0.0}

  typescript@6.0.3:
    resolution: {integrity: sha512-y2TvuxSZPDyQakkFRPZHKFm+KKVqIisdg9/CZwm9ftvKXLP8NRWj38/ODjNbr43SsoXqNuAisEf1GdCxqWcdBw==}
    engines: {node: '>=14.17'}
    hasBin: true

  undici-types@8.3.0:
    resolution: {integrity: sha512-j375ScV60dom+YkPFIfTLcOiPxkN/buHz5GobjLhixFuANaNs3C9l4GmrWqejgXWJ7BbJcFYpTEUkS1Ge8bpZQ==}

  zod@4.3.0:
    resolution: {integrity: sha512-dXOXgs5b9ulOPotwXMEsAUoUPL2glchysY0RTJYVqJ7bU0Y5gqE1k3v19eCWrJsczrbae/Dt9+ajrJbr8Ot4uw==}

  zod@4.4.3:
    resolution: {integrity: sha512-ytENFjIJFl2UwYglde2jchW2Hwm4GJFLDiSXWdTrJQBIN9Fcyp7n4DhxJEiWNAJMV1/BqWfW/kkg71UDcHJyTQ==}

snapshots:

  '@oxfmt/binding-android-arm-eabi@0.64.0':
    optional: true

  '@oxfmt/binding-android-arm64@0.64.0':
    optional: true

  '@oxfmt/binding-darwin-arm64@0.64.0':
    optional: true

  '@oxfmt/binding-darwin-x64@0.64.0':
    optional: true

  '@oxfmt/binding-freebsd-x64@0.64.0':
    optional: true

  '@oxfmt/binding-linux-arm-gnueabihf@0.64.0':
    optional: true

  '@oxfmt/binding-linux-arm-musleabihf@0.64.0':
    optional: true

  '@oxfmt/binding-linux-arm64-gnu@0.64.0':
    optional: true

  '@oxfmt/binding-linux-arm64-musl@0.64.0':
    optional: true

  '@oxfmt/binding-linux-ppc64-gnu@0.64.0':
    optional: true

  '@oxfmt/binding-linux-riscv64-gnu@0.64.0':
    optional: true

  '@oxfmt/binding-linux-riscv64-musl@0.64.0':
    optional: true

  '@oxfmt/binding-linux-s390x-gnu@0.64.0':
    optional: true

  '@oxfmt/binding-linux-x64-gnu@0.64.0':
    optional: true

  '@oxfmt/binding-linux-x64-musl@0.64.0':
    optional: true

  '@oxfmt/binding-openharmony-arm64@0.64.0':
    optional: true

  '@oxfmt/binding-win32-arm64-msvc@0.64.0':
    optional: true

  '@oxfmt/binding-win32-ia32-msvc@0.64.0':
    optional: true

  '@oxfmt/binding-win32-x64-msvc@0.64.0':
    optional: true

  '@oxlint/binding-android-arm-eabi@1.87.0':
    optional: true

  '@oxlint/binding-android-arm64@1.87.0':
    optional: true

  '@oxlint/binding-darwin-arm64@1.87.0':
    optional: true

  '@oxlint/binding-darwin-x64@1.87.0':
    optional: true

  '@oxlint/binding-freebsd-x64@1.87.0':
    optional: true

  '@oxlint/binding-linux-arm-gnueabihf@1.87.0':
    optional: true

  '@oxlint/binding-linux-arm-musleabihf@1.87.0':
    optional: true

  '@oxlint/binding-linux-arm64-gnu@1.87.0':
    optional: true

  '@oxlint/binding-linux-arm64-musl@1.87.0':
    optional: true

  '@oxlint/binding-linux-ppc64-gnu@1.87.0':
    optional: true

  '@oxlint/binding-linux-riscv64-gnu@1.87.0':
    optional: true

  '@oxlint/binding-linux-riscv64-musl@1.87.0':
    optional: true

  '@oxlint/binding-linux-s390x-gnu@1.87.0':
    optional: true

  '@oxlint/binding-linux-x64-gnu@1.87.0':
    optional: true

  '@oxlint/binding-linux-x64-musl@1.87.0':
    optional: true

  '@oxlint/binding-openharmony-arm64@1.87.0':
    optional: true

  '@oxlint/binding-win32-arm64-msvc@1.87.0':
    optional: true

  '@oxlint/binding-win32-ia32-msvc@1.87.0':
    optional: true

  '@oxlint/binding-win32-x64-msvc@1.87.0':
    optional: true

  '@types/node@26.3.0':
    dependencies:
      undici-types: 8.3.0

  node@runtime:26.7.0: {}

  oxfmt@0.64.0:
    dependencies:
      tinypool: 2.1.0
    optionalDependencies:
      '@oxfmt/binding-android-arm-eabi': 0.64.0
      '@oxfmt/binding-android-arm64': 0.64.0
      '@oxfmt/binding-darwin-arm64': 0.64.0
      '@oxfmt/binding-darwin-x64': 0.64.0
      '@oxfmt/binding-freebsd-x64': 0.64.0
      '@oxfmt/binding-linux-arm-gnueabihf': 0.64.0
      '@oxfmt/binding-linux-arm-musleabihf': 0.64.0
      '@oxfmt/binding-linux-arm64-gnu': 0.64.0
      '@oxfmt/binding-linux-arm64-musl': 0.64.0
      '@oxfmt/binding-linux-ppc64-gnu': 0.64.0
      '@oxfmt/binding-linux-riscv64-gnu': 0.64.0
      '@oxfmt/binding-linux-riscv64-musl': 0.64.0
      '@oxfmt/binding-linux-s390x-gnu': 0.64.0
      '@oxfmt/binding-linux-x64-gnu': 0.64.0
      '@oxfmt/binding-linux-x64-musl': 0.64.0
      '@oxfmt/binding-openharmony-arm64': 0.64.0
      '@oxfmt/binding-win32-arm64-msvc': 0.64.0
      '@oxfmt/binding-win32-ia32-msvc': 0.64.0
      '@oxfmt/binding-win32-x64-msvc': 0.64.0

  oxlint@1.87.0:
    optionalDependencies:
      '@oxlint/binding-android-arm-eabi': 1.87.0
      '@oxlint/binding-android-arm64': 1.87.0
      '@oxlint/binding-darwin-arm64': 1.87.0
      '@oxlint/binding-darwin-x64': 1.87.0
      '@oxlint/binding-freebsd-x64': 1.87.0
      '@oxlint/binding-linux-arm-gnueabihf': 1.87.0
      '@oxlint/binding-linux-arm-musleabihf': 1.87.0
      '@oxlint/binding-linux-arm64-gnu': 1.87.0
      '@oxlint/binding-linux-arm64-musl': 1.87.0
      '@oxlint/binding-linux-ppc64-gnu': 1.87.0
      '@oxlint/binding-linux-riscv64-gnu': 1.87.0
      '@oxlint/binding-linux-riscv64-musl': 1.87.0
      '@oxlint/binding-linux-s390x-gnu': 1.87.0
      '@oxlint/binding-linux-x64-gnu': 1.87.0
      '@oxlint/binding-linux-x64-musl': 1.87.0
      '@oxlint/binding-openharmony-arm64': 1.87.0
      '@oxlint/binding-win32-arm64-msvc': 1.87.0
      '@oxlint/binding-win32-ia32-msvc': 1.87.0
      '@oxlint/binding-win32-x64-msvc': 1.87.0

  tinypool@2.1.0: {}

  typescript@6.0.3: {}

  undici-types@8.3.0: {}

  zod@4.3.0: {}

  zod@4.4.3: {}
